
Microsoft Visual Studio Solution File, Format Version 12.00
# Visual Studio Version 16
VisualStudioVersion = 16.0.28803.156
MinimumVisualStudioVersion = 10.0.40219.1
Project("{F184B08F-C81C-45F6-A57F-5ABD9991F28F}") = "ConsoleApp1", "ConsoleApp1.vbproj", "{450A9608-79D2-4825-9FF9-6173EAB2C82C}"
EndProject
Global
	GlobalSection(SolutionConfigurationPlatforms) = preSolution
		Debug|Any CPU = Debug|Any CPU
		Release|Any CPU = Release|Any CPU
	EndGlobalSection
	GlobalSection(ProjectConfigurationPlatforms) = postSolution
		{450A9608-79D2-4825-9FF9-6173EAB2C82C}.Debug|Any CPU.ActiveCfg = Debug|Any CPU
		{450A9608-79D2-4825-9FF9-6173EAB2C82C}.Debug|Any CPU.Build.0 = Debug|Any CPU
		{450A9608-79D2-4825-9FF9-6173EAB2C82C}.Release|Any CPU.ActiveCfg = Release|Any CPU
		{450A9608-79D2-4825-9FF9-6173EAB2C82C}.Release|Any CPU.Build.0 = Release|Any CPU
	EndGlobalSection
	GlobalSection(SolutionProperties) = preSolution
		HideSolutionNode = FALSE
	EndGlobalSection
	GlobalSection(ExtensibilityGlobals) = postSolution
		SolutionGuid = {B297ADFB-092B-47F2-89EB-5A8067D00B91}
	EndGlobalSection
EndGlobal
